
Microsoft Visual Studio Solution File, Format Version 12.00
# Visual Studio Version 17
VisualStudioVersion = 17.5.002.0
MinimumVisualStudioVersion = 10.0.40219.1
Project("{9A19103F-16F7-4668-BE54-9A1E7A4F7556}") = "Task", "Task\Task.csproj", "{C0419D02-1DC2-4AC4-B32A-2B87A12FE672}"
EndProject
Global
	GlobalSection(SolutionConfigurationPlatforms) = preSolution
		Debug|Any CPU = Debug|Any CPU
		Release|Any CPU = Release|Any CPU
	EndGlobalSection
	GlobalSection(ProjectConfigurationPlatforms) = postSolution
		{C0419D02-1DC2-4AC4-B32A-2B87A12FE672}.Debug|Any CPU.ActiveCfg = Debug|Any CPU
		{C0419D02-1DC2-4AC4-B32A-2B87A12FE672}.Debug|Any CPU.Build.0 = Debug|Any CPU
		{C0419D02-1DC2-4AC4-B32A-2B87A12FE672}.Release|Any CPU.ActiveCfg = Release|Any CPU
		{C0419D02-1DC2-4AC4-B32A-2B87A12FE672}.Release|Any CPU.Build.0 = Release|Any CPU
	EndGlobalSection
	GlobalSection(SolutionProperties) = preSolution
		HideSolutionNode = FALSE
	EndGlobalSection
	GlobalSection(ExtensibilityGlobals) = postSolution
		SolutionGuid = {FC33606B-4017-4D12-91CD-010D00DCBCDF}
	EndGlobalSection
EndGlobal
